
Microsoft Visual Studio Solution File, Format Version 12.00
# Visual Studio Version 17
VisualStudioVersion = 17.7.34221.43
MinimumVisualStudioVersion = 10.0.40219.1
Project("{FAE04EC0-301F-11D3-BF4B-00C04F79EFBC}") = "serialC_Sharp", "serialC_Sharp.csproj", "{24C86A31-0147-41AC-857A-DB2F0E65B6C1}"
EndProject
Global
	GlobalSection(SolutionConfigurationPlatforms) = preSolution
		Debug|Any CPU = Debug|Any CPU
		Release|Any CPU = Release|Any CPU
	EndGlobalSection
	GlobalSection(ProjectConfigurationPlatforms) = postSolution
		{24C86A31-0147-41AC-857A-DB2F0E65B6C1}.Debug|Any CPU.ActiveCfg = Debug|Any CPU
		{24C86A31-0147-41AC-857A-DB2F0E65B6C1}.Debug|Any CPU.Build.0 = Debug|Any CPU
		{24C86A31-0147-41AC-857A-DB2F0E65B6C1}.Release|Any CPU.ActiveCfg = Release|Any CPU
		{24C86A31-0147-41AC-857A-DB2F0E65B6C1}.Release|Any CPU.Build.0 = Release|Any CPU
	EndGlobalSection
	GlobalSection(SolutionProperties) = preSolution
		HideSolutionNode = FALSE
	EndGlobalSection
	GlobalSection(ExtensibilityGlobals) = postSolution
		SolutionGuid = {D2D54924-D0B3-4C78-8E1E-70B9B36FD952}
	EndGlobalSection
EndGlobal
